
Microsoft Visual Studio Solution File, Format Version 12.00
# Visual Studio 15
VisualStudioVersion = 15.0.27130.2010
MinimumVisualStudioVersion = 10.0.40219.1
Project("{8BC9CEB8-8B4A-11D0-8D11-00A0C91BC942}") = "Serial-Port", "Serial-Port.vcxproj", "{ACCAB462-0A9E-40B4-BC34-F8B1B1DCE50A}"
EndProject
Global
	GlobalSection(SolutionConfigurationPlatforms) = preSolution
		Debug|x64 = Debug|x64
		Debug|x86 = Debug|x86
		Release|x64 = Release|x64
		Release|x86 = Release|x86
	EndGlobalSection
	GlobalSection(ProjectConfigurationPlatforms) = postSolution
		{ACCAB462-0A9E-40B4-BC34-F8B1B1DCE50A}.Debug|x64.ActiveCfg = Debug|x64
		{ACCAB462-0A9E-40B4-BC34-F8B1B1DCE50A}.Debug|x64.Build.0 = Debug|x64
		{ACCAB462-0A9E-40B4-BC34-F8B1B1DCE50A}.Debug|x86.ActiveCfg = Debug|Win32
		{ACCAB462-0A9E-40B4-BC34-F8B1B1DCE50A}.Debug|x86.Build.0 = Debug|Win32
		{ACCAB462-0A9E-40B4-BC34-F8B1B1DCE50A}.Release|x64.ActiveCfg = Release|x64
		{ACCAB462-0A9E-40B4-BC34-F8B1B1DCE50A}.Release|x64.Build.0 = Release|x64
		{ACCAB462-0A9E-40B4-BC34-F8B1B1DCE50A}.Release|x86.ActiveCfg = Release|Win32
		{ACCAB462-0A9E-40B4-BC34-F8B1B1DCE50A}.Release|x86.Build.0 = Release|Win32
	EndGlobalSection
	GlobalSection(SolutionProperties) = preSolution
		HideSolutionNode = FALSE
	EndGlobalSection
	GlobalSection(ExtensibilityGlobals) = postSolution
		SolutionGuid = {189457A9-525C-4CF2-98DE-E2D84C3489D5}
	EndGlobalSection
EndGlobal
