
Microsoft Visual Studio Solution File, Format Version 12.00
# Visual Studio Version 17
VisualStudioVersion = 17.8.34309.116
MinimumVisualStudioVersion = 10.0.40219.1
Project("{8BC9CEB8-8B4A-11D0-8D11-00A0C91BC942}") = "MotionRecognition", "MotionRecognition.vcxproj", "{59C9B41C-5EA4-4E93-AAC4-C2D3BB080687}"
EndProject
Global
	GlobalSection(SolutionConfigurationPlatforms) = preSolution
		Debug|x64 = Debug|x64
		Debug|x86 = Debug|x86
		Release|x64 = Release|x64
		Release|x86 = Release|x86
	EndGlobalSection
	GlobalSection(ProjectConfigurationPlatforms) = postSolution
		{59C9B41C-5EA4-4E93-AAC4-C2D3BB080687}.Debug|x64.ActiveCfg = Debug|x64
		{59C9B41C-5EA4-4E93-AAC4-C2D3BB080687}.Debug|x64.Build.0 = Debug|x64
		{59C9B41C-5EA4-4E93-AAC4-C2D3BB080687}.Debug|x86.ActiveCfg = Debug|Win32
		{59C9B41C-5EA4-4E93-AAC4-C2D3BB080687}.Debug|x86.Build.0 = Debug|Win32
		{59C9B41C-5EA4-4E93-AAC4-C2D3BB080687}.Release|x64.ActiveCfg = Release|x64
		{59C9B41C-5EA4-4E93-AAC4-C2D3BB080687}.Release|x64.Build.0 = Release|x64
		{59C9B41C-5EA4-4E93-AAC4-C2D3BB080687}.Release|x86.ActiveCfg = Release|Win32
		{59C9B41C-5EA4-4E93-AAC4-C2D3BB080687}.Release|x86.Build.0 = Release|Win32
	EndGlobalSection
	GlobalSection(SolutionProperties) = preSolution
		HideSolutionNode = FALSE
	EndGlobalSection
	GlobalSection(ExtensibilityGlobals) = postSolution
		SolutionGuid = {FC2A8FA6-F87E-484B-8C5E-F8BD11A78AEC}
	EndGlobalSection
EndGlobal
