<?xml version="1.0" encoding="utf-8"?>
<Project ToolsVersion="4.0" xmlns="http://schemas.microsoft.com/developer/msbuild/2003">
  <ItemGroup>
    <ClInclude Include="..\..\sdk\UserDefinitions.h">
      <Filter>sdk</Filter>
    </ClInclude>
    <ClInclude Include="..\..\sdk\UserModule.h">
      <Filter>sdk</Filter>
    </ClInclude>
    <ClInclude Include="..\..\sdk\UserUtils.h">
      <Filter>sdk</Filter>
    </ClInclude>
    <ClInclude Include="..\..\sdk\UsineDefinitions.h">
      <Filter>sdk</Filter>
    </ClInclude>
    <ClInclude Include="MatrixAudio.h" />
  </ItemGroup>
  <ItemGroup>
    <ClCompile Include="..\..\sdk\UserUtils.cpp">
      <Filter>sdk</Filter>
    </ClCompile>
    <ClCompile Include="MatrixAudio.cpp" />
    <ClCompile Include="..\..\sdk\UserModule.cpp">
      <Filter>sdk</Filter>
    </ClCompile>
  </ItemGroup>
  <ItemGroup>
    <Filter Include="sdk">
      <UniqueIdentifier>{f9bd3acb-31c2-43a3-ba90-5b3e6ea83a6d}</UniqueIdentifier>
    </Filter>
  </ItemGroup>
</Project>