
Microsoft Visual Studio Solution File, Format Version 12.00
# Visual Studio Version 17
VisualStudioVersion = 17.7.34031.279
MinimumVisualStudioVersion = 10.0.40219.1
Project("{8BC9CEB8-8B4A-11D0-8D11-00A0C91BC942}") = "ArrayDelay", "ArrayDelay\ArrayDelay.vcxproj", "{BAE343B0-FC50-46BF-A1D1-18D9FE0ACFFB}"
EndProject
Project("{8BC9CEB8-8B4A-11D0-8D11-00A0C91BC942}") = "AudioVolume", "AudioVolume\AudioVolume.vcxproj", "{7CC44A31-FF62-405B-9B64-69AC50ACDD50}"
EndProject
Project("{8BC9CEB8-8B4A-11D0-8D11-00A0C91BC942}") = "DataMultiply", "DataMultiply\DataMultiply.vcxproj", "{02BFC3F1-0957-4157-B851-8BDD89DA20B4}"
EndProject
Project("{8BC9CEB8-8B4A-11D0-8D11-00A0C91BC942}") = "DrawBox", "DrawBox\DrawBox.vcxproj", "{E628D2FB-458B-4D3F-B9E2-B425027B111D}"
EndProject
Project("{8BC9CEB8-8B4A-11D0-8D11-00A0C91BC942}") = "DrawTrajectory", "DrawTrajectory\DrawTrajectory.vcxproj", "{5D85F33F-B213-4001-830C-7FA082017EFB}"
EndProject
Project("{8BC9CEB8-8B4A-11D0-8D11-00A0C91BC942}") = "GlobalArray", "GlobalArray\GlobalArray.vcxproj", "{E094FDB9-4D06-4175-AE5C-92A0DE0EE857}"
EndProject
Project("{8BC9CEB8-8B4A-11D0-8D11-00A0C91BC942}") = "Granulator", "Granulator\Granulator.vcxproj", "{FD77466B-68B3-47C5-B7E9-AA8A2E80080D}"
EndProject
Project("{8BC9CEB8-8B4A-11D0-8D11-00A0C91BC942}") = "MidiTranspose", "MidiTranspose\MidiTranspose.vcxproj", "{939BDD4A-DE9C-4E53-ADE4-227AC0544165}"
EndProject
Project("{8BC9CEB8-8B4A-11D0-8D11-00A0C91BC942}") = "Reverb", "Reverb\Reverb.vcxproj", "{5E375CE0-10CA-43A7-A4FB-05D0B6AB525B}"
EndProject
Project("{8BC9CEB8-8B4A-11D0-8D11-00A0C91BC942}") = "SimplePad", "SimplePad\SimplePad.vcxproj", "{58FFA5C4-6DC2-4404-B66B-EAD69940514C}"
EndProject
Project("{8BC9CEB8-8B4A-11D0-8D11-00A0C91BC942}") = "TemplateModule", "TemplateModule\TemplateModule.vcxproj", "{0D75B3F7-C531-4C56-9A28-EED6C299779E}"
EndProject
Project("{8BC9CEB8-8B4A-11D0-8D11-00A0C91BC942}") = "TemplateModuleSimple", "TemplateModuleSimple\TemplateModuleSimple.vcxproj", "{E227B327-1E67-4954-8CC6-199D73440A0F}"
EndProject
Project("{8BC9CEB8-8B4A-11D0-8D11-00A0C91BC942}") = "UsineObjects", "UsineObjects\UsineObjects.vcxproj", "{B101A600-448F-4D21-B0D0-A1A88EB79F53}"
EndProject
Project("{8BC9CEB8-8B4A-11D0-8D11-00A0C91BC942}") = "VideoDimmer", "VideoDimmer\VideoDimmer.vcxproj", "{39792AE8-C93C-436D-993D-D8A15E319C2F}"
EndProject
Project("{8BC9CEB8-8B4A-11D0-8D11-00A0C91BC942}") = "MultiThreading", "MultiThreading\MultiThreading.vcxproj", "{3FCC44B9-09A1-4125-9FED-191C87816AEA}"
EndProject
Project("{8BC9CEB8-8B4A-11D0-8D11-00A0C91BC942}") = "DataOscilloscope", "DataOscilloscope\DataOscilloscope.vcxproj", "{9C5BC83C-2FCC-4004-BF00-DA58286F0C91}"
EndProject
Project("{8BC9CEB8-8B4A-11D0-8D11-00A0C91BC942}") = "RingMod", "RingMod\RingMod.vcxproj", "{1D3D29D9-5F09-4852-9677-8399793EF35A}"
EndProject
Project("{8BC9CEB8-8B4A-11D0-8D11-00A0C91BC942}") = "RingModMultithread", "RingModMultithread\RingModMultithread.vcxproj", "{B319A80F-4DAF-42D1-9FFF-5F954741FFE6}"
EndProject
Global
	GlobalSection(SolutionConfigurationPlatforms) = preSolution
		Debug|x64 = Debug|x64
		Debug|x86 = Debug|x86
		Release|x64 = Release|x64
		Release|x86 = Release|x86
	EndGlobalSection
	GlobalSection(ProjectConfigurationPlatforms) = postSolution
		{BAE343B0-FC50-46BF-A1D1-18D9FE0ACFFB}.Debug|x64.ActiveCfg = Debug|x64
		{BAE343B0-FC50-46BF-A1D1-18D9FE0ACFFB}.Debug|x64.Build.0 = Debug|x64
		{BAE343B0-FC50-46BF-A1D1-18D9FE0ACFFB}.Debug|x86.ActiveCfg = Debug|Win32
		{BAE343B0-FC50-46BF-A1D1-18D9FE0ACFFB}.Debug|x86.Build.0 = Debug|Win32
		{BAE343B0-FC50-46BF-A1D1-18D9FE0ACFFB}.Release|x64.ActiveCfg = Release|x64
		{BAE343B0-FC50-46BF-A1D1-18D9FE0ACFFB}.Release|x64.Build.0 = Release|x64
		{BAE343B0-FC50-46BF-A1D1-18D9FE0ACFFB}.Release|x86.ActiveCfg = Release|Win32
		{BAE343B0-FC50-46BF-A1D1-18D9FE0ACFFB}.Release|x86.Build.0 = Release|Win32
		{7CC44A31-FF62-405B-9B64-69AC50ACDD50}.Debug|x64.ActiveCfg = Debug|x64
		{7CC44A31-FF62-405B-9B64-69AC50ACDD50}.Debug|x64.Build.0 = Debug|x64
		{7CC44A31-FF62-405B-9B64-69AC50ACDD50}.Debug|x86.ActiveCfg = Debug|Win32
		{7CC44A31-FF62-405B-9B64-69AC50ACDD50}.Debug|x86.Build.0 = Debug|Win32
		{7CC44A31-FF62-405B-9B64-69AC50ACDD50}.Release|x64.ActiveCfg = Release|x64
		{7CC44A31-FF62-405B-9B64-69AC50ACDD50}.Release|x64.Build.0 = Release|x64
		{7CC44A31-FF62-405B-9B64-69AC50ACDD50}.Release|x86.ActiveCfg = Release|Win32
		{7CC44A31-FF62-405B-9B64-69AC50ACDD50}.Release|x86.Build.0 = Release|Win32
		{02BFC3F1-0957-4157-B851-8BDD89DA20B4}.Debug|x64.ActiveCfg = Debug|x64
		{02BFC3F1-0957-4157-B851-8BDD89DA20B4}.Debug|x64.Build.0 = Debug|x64
		{02BFC3F1-0957-4157-B851-8BDD89DA20B4}.Debug|x86.ActiveCfg = Debug|Win32
		{02BFC3F1-0957-4157-B851-8BDD89DA20B4}.Debug|x86.Build.0 = Debug|Win32
		{02BFC3F1-0957-4157-B851-8BDD89DA20B4}.Release|x64.ActiveCfg = Release|x64
		{02BFC3F1-0957-4157-B851-8BDD89DA20B4}.Release|x64.Build.0 = Release|x64
		{02BFC3F1-0957-4157-B851-8BDD89DA20B4}.Release|x86.ActiveCfg = Release|Win32
		{02BFC3F1-0957-4157-B851-8BDD89DA20B4}.Release|x86.Build.0 = Release|Win32
		{E628D2FB-458B-4D3F-B9E2-B425027B111D}.Debug|x64.ActiveCfg = Debug|x64
		{E628D2FB-458B-4D3F-B9E2-B425027B111D}.Debug|x64.Build.0 = Debug|x64
		{E628D2FB-458B-4D3F-B9E2-B425027B111D}.Debug|x86.ActiveCfg = Debug|Win32
		{E628D2FB-458B-4D3F-B9E2-B425027B111D}.Debug|x86.Build.0 = Debug|Win32
		{E628D2FB-458B-4D3F-B9E2-B425027B111D}.Release|x64.ActiveCfg = Release|x64
		{E628D2FB-458B-4D3F-B9E2-B425027B111D}.Release|x64.Build.0 = Release|x64
		{E628D2FB-458B-4D3F-B9E2-B425027B111D}.Release|x86.ActiveCfg = Release|Win32
		{E628D2FB-458B-4D3F-B9E2-B425027B111D}.Release|x86.Build.0 = Release|Win32
		{5D85F33F-B213-4001-830C-7FA082017EFB}.Debug|x64.ActiveCfg = Debug|x64
		{5D85F33F-B213-4001-830C-7FA082017EFB}.Debug|x64.Build.0 = Debug|x64
		{5D85F33F-B213-4001-830C-7FA082017EFB}.Debug|x86.ActiveCfg = Debug|Win32
		{5D85F33F-B213-4001-830C-7FA082017EFB}.Debug|x86.Build.0 = Debug|Win32
		{5D85F33F-B213-4001-830C-7FA082017EFB}.Release|x64.ActiveCfg = Release|x64
		{5D85F33F-B213-4001-830C-7FA082017EFB}.Release|x64.Build.0 = Release|x64
		{5D85F33F-B213-4001-830C-7FA082017EFB}.Release|x86.ActiveCfg = Release|Win32
		{5D85F33F-B213-4001-830C-7FA082017EFB}.Release|x86.Build.0 = Release|Win32
		{E094FDB9-4D06-4175-AE5C-92A0DE0EE857}.Debug|x64.ActiveCfg = Debug|x64
		{E094FDB9-4D06-4175-AE5C-92A0DE0EE857}.Debug|x64.Build.0 = Debug|x64
		{E094FDB9-4D06-4175-AE5C-92A0DE0EE857}.Debug|x86.ActiveCfg = Debug|Win32
		{E094FDB9-4D06-4175-AE5C-92A0DE0EE857}.Debug|x86.Build.0 = Debug|Win32
		{E094FDB9-4D06-4175-AE5C-92A0DE0EE857}.Release|x64.ActiveCfg = Release|x64
		{E094FDB9-4D06-4175-AE5C-92A0DE0EE857}.Release|x64.Build.0 = Release|x64
		{E094FDB9-4D06-4175-AE5C-92A0DE0EE857}.Release|x86.ActiveCfg = Release|Win32
		{E094FDB9-4D06-4175-AE5C-92A0DE0EE857}.Release|x86.Build.0 = Release|Win32
		{FD77466B-68B3-47C5-B7E9-AA8A2E80080D}.Debug|x64.ActiveCfg = Debug|x64
		{FD77466B-68B3-47C5-B7E9-AA8A2E80080D}.Debug|x64.Build.0 = Debug|x64
		{FD77466B-68B3-47C5-B7E9-AA8A2E80080D}.Debug|x86.ActiveCfg = Debug|Win32
		{FD77466B-68B3-47C5-B7E9-AA8A2E80080D}.Debug|x86.Build.0 = Debug|Win32
		{FD77466B-68B3-47C5-B7E9-AA8A2E80080D}.Release|x64.ActiveCfg = Release|x64
		{FD77466B-68B3-47C5-B7E9-AA8A2E80080D}.Release|x64.Build.0 = Release|x64
		{FD77466B-68B3-47C5-B7E9-AA8A2E80080D}.Release|x86.ActiveCfg = Release|Win32
		{FD77466B-68B3-47C5-B7E9-AA8A2E80080D}.Release|x86.Build.0 = Release|Win32
		{939BDD4A-DE9C-4E53-ADE4-227AC0544165}.Debug|x64.ActiveCfg = Debug|x64
		{939BDD4A-DE9C-4E53-ADE4-227AC0544165}.Debug|x64.Build.0 = Debug|x64
		{939BDD4A-DE9C-4E53-ADE4-227AC0544165}.Debug|x86.ActiveCfg = Debug|Win32
		{939BDD4A-DE9C-4E53-ADE4-227AC0544165}.Debug|x86.Build.0 = Debug|Win32
		{939BDD4A-DE9C-4E53-ADE4-227AC0544165}.Release|x64.ActiveCfg = Release|x64
		{939BDD4A-DE9C-4E53-ADE4-227AC0544165}.Release|x64.Build.0 = Release|x64
		{939BDD4A-DE9C-4E53-ADE4-227AC0544165}.Release|x86.ActiveCfg = Release|Win32
		{939BDD4A-DE9C-4E53-ADE4-227AC0544165}.Release|x86.Build.0 = Release|Win32
		{5E375CE0-10CA-43A7-A4FB-05D0B6AB525B}.Debug|x64.ActiveCfg = Debug|x64
		{5E375CE0-10CA-43A7-A4FB-05D0B6AB525B}.Debug|x64.Build.0 = Debug|x64
		{5E375CE0-10CA-43A7-A4FB-05D0B6AB525B}.Debug|x86.ActiveCfg = Debug|Win32
		{5E375CE0-10CA-43A7-A4FB-05D0B6AB525B}.Debug|x86.Build.0 = Debug|Win32
		{5E375CE0-10CA-43A7-A4FB-05D0B6AB525B}.Release|x64.ActiveCfg = Release|x64
		{5E375CE0-10CA-43A7-A4FB-05D0B6AB525B}.Release|x64.Build.0 = Release|x64
		{5E375CE0-10CA-43A7-A4FB-05D0B6AB525B}.Release|x86.ActiveCfg = Release|Win32
		{5E375CE0-10CA-43A7-A4FB-05D0B6AB525B}.Release|x86.Build.0 = Release|Win32
		{58FFA5C4-6DC2-4404-B66B-EAD69940514C}.Debug|x64.ActiveCfg = Debug|x64
		{58FFA5C4-6DC2-4404-B66B-EAD69940514C}.Debug|x64.Build.0 = Debug|x64
		{58FFA5C4-6DC2-4404-B66B-EAD69940514C}.Debug|x86.ActiveCfg = Debug|Win32
		{58FFA5C4-6DC2-4404-B66B-EAD69940514C}.Debug|x86.Build.0 = Debug|Win32
		{58FFA5C4-6DC2-4404-B66B-EAD69940514C}.Release|x64.ActiveCfg = Release|x64
		{58FFA5C4-6DC2-4404-B66B-EAD69940514C}.Release|x64.Build.0 = Release|x64
		{58FFA5C4-6DC2-4404-B66B-EAD69940514C}.Release|x86.ActiveCfg = Release|Win32
		{58FFA5C4-6DC2-4404-B66B-EAD69940514C}.Release|x86.Build.0 = Release|Win32
		{0D75B3F7-C531-4C56-9A28-EED6C299779E}.Debug|x64.ActiveCfg = Debug|x64
		{0D75B3F7-C531-4C56-9A28-EED6C299779E}.Debug|x64.Build.0 = Debug|x64
		{0D75B3F7-C531-4C56-9A28-EED6C299779E}.Debug|x86.ActiveCfg = Debug|Win32
		{0D75B3F7-C531-4C56-9A28-EED6C299779E}.Debug|x86.Build.0 = Debug|Win32
		{0D75B3F7-C531-4C56-9A28-EED6C299779E}.Release|x64.ActiveCfg = Release|x64
		{0D75B3F7-C531-4C56-9A28-EED6C299779E}.Release|x64.Build.0 = Release|x64
		{0D75B3F7-C531-4C56-9A28-EED6C299779E}.Release|x86.ActiveCfg = Release|Win32
		{0D75B3F7-C531-4C56-9A28-EED6C299779E}.Release|x86.Build.0 = Release|Win32
		{E227B327-1E67-4954-8CC6-199D73440A0F}.Debug|x64.ActiveCfg = Debug|x64
		{E227B327-1E67-4954-8CC6-199D73440A0F}.Debug|x64.Build.0 = Debug|x64
		{E227B327-1E67-4954-8CC6-199D73440A0F}.Debug|x86.ActiveCfg = Debug|Win32
		{E227B327-1E67-4954-8CC6-199D73440A0F}.Debug|x86.Build.0 = Debug|Win32
		{E227B327-1E67-4954-8CC6-199D73440A0F}.Release|x64.ActiveCfg = Release|x64
		{E227B327-1E67-4954-8CC6-199D73440A0F}.Release|x64.Build.0 = Release|x64
		{E227B327-1E67-4954-8CC6-199D73440A0F}.Release|x86.ActiveCfg = Release|Win32
		{E227B327-1E67-4954-8CC6-199D73440A0F}.Release|x86.Build.0 = Release|Win32
		{B101A600-448F-4D21-B0D0-A1A88EB79F53}.Debug|x64.ActiveCfg = Debug|x64
		{B101A600-448F-4D21-B0D0-A1A88EB79F53}.Debug|x64.Build.0 = Debug|x64
		{B101A600-448F-4D21-B0D0-A1A88EB79F53}.Debug|x86.ActiveCfg = Debug|Win32
		{B101A600-448F-4D21-B0D0-A1A88EB79F53}.Debug|x86.Build.0 = Debug|Win32
		{B101A600-448F-4D21-B0D0-A1A88EB79F53}.Release|x64.ActiveCfg = Release|x64
		{B101A600-448F-4D21-B0D0-A1A88EB79F53}.Release|x64.Build.0 = Release|x64
		{B101A600-448F-4D21-B0D0-A1A88EB79F53}.Release|x86.ActiveCfg = Release|Win32
		{B101A600-448F-4D21-B0D0-A1A88EB79F53}.Release|x86.Build.0 = Release|Win32
		{39792AE8-C93C-436D-993D-D8A15E319C2F}.Debug|x64.ActiveCfg = Debug|x64
		{39792AE8-C93C-436D-993D-D8A15E319C2F}.Debug|x64.Build.0 = Debug|x64
		{39792AE8-C93C-436D-993D-D8A15E319C2F}.Debug|x86.ActiveCfg = Debug|Win32
		{39792AE8-C93C-436D-993D-D8A15E319C2F}.Debug|x86.Build.0 = Debug|Win32
		{39792AE8-C93C-436D-993D-D8A15E319C2F}.Release|x64.ActiveCfg = Release|x64
		{39792AE8-C93C-436D-993D-D8A15E319C2F}.Release|x64.Build.0 = Release|x64
		{39792AE8-C93C-436D-993D-D8A15E319C2F}.Release|x86.ActiveCfg = Release|Win32
		{39792AE8-C93C-436D-993D-D8A15E319C2F}.Release|x86.Build.0 = Release|Win32
		{3FCC44B9-09A1-4125-9FED-191C87816AEA}.Debug|x64.ActiveCfg = Debug|x64
		{3FCC44B9-09A1-4125-9FED-191C87816AEA}.Debug|x64.Build.0 = Debug|x64
		{3FCC44B9-09A1-4125-9FED-191C87816AEA}.Debug|x86.ActiveCfg = Debug|Win32
		{3FCC44B9-09A1-4125-9FED-191C87816AEA}.Debug|x86.Build.0 = Debug|Win32
		{3FCC44B9-09A1-4125-9FED-191C87816AEA}.Release|x64.ActiveCfg = Release|x64
		{3FCC44B9-09A1-4125-9FED-191C87816AEA}.Release|x64.Build.0 = Release|x64
		{3FCC44B9-09A1-4125-9FED-191C87816AEA}.Release|x86.ActiveCfg = Release|Win32
		{3FCC44B9-09A1-4125-9FED-191C87816AEA}.Release|x86.Build.0 = Release|Win32
		{9C5BC83C-2FCC-4004-BF00-DA58286F0C91}.Debug|x64.ActiveCfg = Debug|x64
		{9C5BC83C-2FCC-4004-BF00-DA58286F0C91}.Debug|x64.Build.0 = Debug|x64
		{9C5BC83C-2FCC-4004-BF00-DA58286F0C91}.Debug|x86.ActiveCfg = Debug|Win32
		{9C5BC83C-2FCC-4004-BF00-DA58286F0C91}.Debug|x86.Build.0 = Debug|Win32
		{9C5BC83C-2FCC-4004-BF00-DA58286F0C91}.Release|x64.ActiveCfg = Release|x64
		{9C5BC83C-2FCC-4004-BF00-DA58286F0C91}.Release|x64.Build.0 = Release|x64
		{9C5BC83C-2FCC-4004-BF00-DA58286F0C91}.Release|x86.ActiveCfg = Release|Win32
		{9C5BC83C-2FCC-4004-BF00-DA58286F0C91}.Release|x86.Build.0 = Release|Win32
		{1D3D29D9-5F09-4852-9677-8399793EF35A}.Debug|x64.ActiveCfg = Debug|x64
		{1D3D29D9-5F09-4852-9677-8399793EF35A}.Debug|x64.Build.0 = Debug|x64
		{1D3D29D9-5F09-4852-9677-8399793EF35A}.Debug|x86.ActiveCfg = Debug|Win32
		{1D3D29D9-5F09-4852-9677-8399793EF35A}.Debug|x86.Build.0 = Debug|Win32
		{1D3D29D9-5F09-4852-9677-8399793EF35A}.Release|x64.ActiveCfg = Release|x64
		{1D3D29D9-5F09-4852-9677-8399793EF35A}.Release|x64.Build.0 = Release|x64
		{1D3D29D9-5F09-4852-9677-8399793EF35A}.Release|x86.ActiveCfg = Release|Win32
		{1D3D29D9-5F09-4852-9677-8399793EF35A}.Release|x86.Build.0 = Release|Win32
		{B319A80F-4DAF-42D1-9FFF-5F954741FFE6}.Debug|x64.ActiveCfg = Debug|x64
		{B319A80F-4DAF-42D1-9FFF-5F954741FFE6}.Debug|x64.Build.0 = Debug|x64
		{B319A80F-4DAF-42D1-9FFF-5F954741FFE6}.Debug|x86.ActiveCfg = Debug|Win32
		{B319A80F-4DAF-42D1-9FFF-5F954741FFE6}.Debug|x86.Build.0 = Debug|Win32
		{B319A80F-4DAF-42D1-9FFF-5F954741FFE6}.Release|x64.ActiveCfg = Release|x64
		{B319A80F-4DAF-42D1-9FFF-5F954741FFE6}.Release|x64.Build.0 = Release|x64
		{B319A80F-4DAF-42D1-9FFF-5F954741FFE6}.Release|x86.ActiveCfg = Release|Win32
		{B319A80F-4DAF-42D1-9FFF-5F954741FFE6}.Release|x86.Build.0 = Release|Win32
	EndGlobalSection
	GlobalSection(SolutionProperties) = preSolution
		HideSolutionNode = FALSE
	EndGlobalSection
	GlobalSection(ExtensibilityGlobals) = postSolution
		SolutionGuid = {BEFF9A49-10AA-4777-BF32-505C17E72DEE}
	EndGlobalSection
EndGlobal
