<?xml version="1.0" encoding="utf-8"?>
<Project ToolsVersion="4.0" xmlns="http://schemas.microsoft.com/developer/msbuild/2003">
  <ItemGroup>
    <Filter Include="sdk">
      <UniqueIdentifier>{efe8fda5-52c7-4647-88a5-460d7956877a}</UniqueIdentifier>
    </Filter>
  </ItemGroup>
  <ItemGroup>
    <ClCompile Include="..\..\sdk\UserModule.cpp">
      <Filter>sdk</Filter>
    </ClCompile>
    <ClCompile Include="..\..\sdk\UserUtils.cpp">
      <Filter>sdk</Filter>
    </ClCompile>
    <ClCompile Include="DataSampler.cpp" />
  </ItemGroup>
  <ItemGroup>
    <ClInclude Include="..\..\sdk\UserDefinitions.h">
      <Filter>sdk</Filter>
    </ClInclude>
    <ClInclude Include="..\..\sdk\UserModule.h">
      <Filter>sdk</Filter>
    </ClInclude>
    <ClInclude Include="..\..\sdk\UserUtils.h">
      <Filter>sdk</Filter>
    </ClInclude>
    <ClInclude Include="..\..\sdk\UsineDefinitions.h">
      <Filter>sdk</Filter>
    </ClInclude>
    <ClInclude Include="..\..\sdk\UsineEventClass.h">
      <Filter>sdk</Filter>
    </ClInclude>
    <ClInclude Include="..\..\sdk\UsineFunctions.h">
      <Filter>sdk</Filter>
    </ClInclude>
    <ClInclude Include="DataSampler.h" />
  </ItemGroup>
</Project>