// !$*UTF8*$!
{
	archiveVersion = 1;
	classes = {
	};
	objectVersion = 46;
	objects = {

/* Begin PBXBuildFile section */
		629CA0C12B15000000BD4832 /* UsineEventClass.hpp in Headers */ = {isa = PBXBuildFile; fileRef = 629CA0C02B15000000BD4832 /* UsineEventClass.hpp */; };
		62C2EA5F2B07AD1F00A282C6 /* UserDefinitions.h in Headers */ = {isa = PBXBuildFile; fileRef = 4EAD14931A9E2E6500784045 /* UserDefinitions.h */; };
		62C2EA602B07AD1F00A282C6 /* UserModule.h in Headers */ = {isa = PBXBuildFile; fileRef = 4EAD14951A9E2E6500784045 /* UserModule.h */; };
		62C2EA612B07AD1F00A282C6 /* UserUtils.h in Headers */ = {isa = PBXBuildFile; fileRef = 4EAD14971A9E2E6500784045 /* UserUtils.h */; };
		62C2EA622B07AD1F00A282C6 /* UsineDefinitions.h in Headers */ = {isa = PBXBuildFile; fileRef = 4EAD14981A9E2E6500784045 /* UsineDefinitions.h */; };
		62C2EA632B07AD1F00A282C6 /* ArrayDelay.h in Headers */ = {isa = PBXBuildFile; fileRef = 4EAD14A01A9E2E8800784045 /* ArrayDelay.h */; };
		62C2EA652B07AD1F00A282C6 /* UserModule.cpp in Sources */ = {isa = PBXBuildFile; fileRef = 4EAD14941A9E2E6500784045 /* UserModule.cpp */; };
		62C2EA662B07AD1F00A282C6 /* UserUtils.cpp in Sources */ = {isa = PBXBuildFile; fileRef = 4EAD14961A9E2E6500784045 /* UserUtils.cpp */; };
		62C2EA672B07AD1F00A282C6 /* ArrayDelay.cpp in Sources */ = {isa = PBXBuildFile; fileRef = 4EAD149F1A9E2E8800784045 /* ArrayDelay.cpp */; };
		62C2EA6E2B07AF0500A282C6 /* ArrayDelay.usr-macos64uni in CopyFiles */ = {isa = PBXBuildFile; fileRef = 62C2EA6D2B07AD1F00A282C6 /* ArrayDelay.usr-macos64uni */; };
/* End PBXBuildFile section */

/* Begin PBXCopyFilesBuildPhase section */
		62C2EA682B07AD1F00A282C6 /* CopyFiles */ = {
			isa = PBXCopyFilesBuildPhase;
			buildActionMask = 2147483647;
			dstPath = "$(SRCROOT)/../../bin/SDK Examples";
			dstSubfolderSpec = 0;
			files = (
				62C2EA6E2B07AF0500A282C6 /* ArrayDelay.usr-macos64uni in CopyFiles */,
			);
			runOnlyForDeploymentPostprocessing = 0;
		};
/* End PBXCopyFilesBuildPhase section */

/* Begin PBXFileReference section */
		4EAD14931A9E2E6500784045 /* UserDefinitions.h */ = {isa = PBXFileReference; fileEncoding = 4; lastKnownFileType = sourcecode.c.h; path = UserDefinitions.h; sourceTree = "<group>"; };
		4EAD14941A9E2E6500784045 /* UserModule.cpp */ = {isa = PBXFileReference; fileEncoding = 4; lastKnownFileType = sourcecode.cpp.cpp; path = UserModule.cpp; sourceTree = "<group>"; };
		4EAD14951A9E2E6500784045 /* UserModule.h */ = {isa = PBXFileReference; fileEncoding = 4; lastKnownFileType = sourcecode.c.h; path = UserModule.h; sourceTree = "<group>"; };
		4EAD14961A9E2E6500784045 /* UserUtils.cpp */ = {isa = PBXFileReference; fileEncoding = 4; lastKnownFileType = sourcecode.cpp.cpp; path = UserUtils.cpp; sourceTree = "<group>"; };
		4EAD14971A9E2E6500784045 /* UserUtils.h */ = {isa = PBXFileReference; fileEncoding = 4; lastKnownFileType = sourcecode.c.h; path = UserUtils.h; sourceTree = "<group>"; };
		4EAD14981A9E2E6500784045 /* UsineDefinitions.h */ = {isa = PBXFileReference; fileEncoding = 4; lastKnownFileType = sourcecode.c.h; path = UsineDefinitions.h; sourceTree = "<group>"; };
		4EAD149F1A9E2E8800784045 /* ArrayDelay.cpp */ = {isa = PBXFileReference; fileEncoding = 4; lastKnownFileType = sourcecode.cpp.cpp; path = ArrayDelay.cpp; sourceTree = "<group>"; };
		4EAD14A01A9E2E8800784045 /* ArrayDelay.h */ = {isa = PBXFileReference; fileEncoding = 4; lastKnownFileType = sourcecode.c.h; path = ArrayDelay.h; sourceTree = "<group>"; };
		4EAD15021A9E367300784045 /* Usine_CPP_SDKProj.xcconfig */ = {isa = PBXFileReference; fileEncoding = 4; lastKnownFileType = text.xcconfig; name = Usine_CPP_SDKProj.xcconfig; path = ../../builds/Xcode/Usine_CPP_SDKProj.xcconfig; sourceTree = SOURCE_ROOT; };
		629CA0C02B15000000BD4832 /* UsineEventClass.hpp */ = {isa = PBXFileReference; fileEncoding = 4; lastKnownFileType = sourcecode.cpp.h; path = UsineEventClass.hpp; sourceTree = "<group>"; };
		62C2EA6D2B07AD1F00A282C6 /* ArrayDelay.usr-macos64uni */ = {isa = PBXFileReference; explicitFileType = "compiled.mach-o.dylib"; includeInIndex = 0; path = "ArrayDelay.usr-macos64uni"; sourceTree = BUILT_PRODUCTS_DIR; };
/* End PBXFileReference section */

/* Begin PBXGroup section */
		4EAD14081A9E2A8F00784045 = {
			isa = PBXGroup;
			children = (
				4EAD149F1A9E2E8800784045 /* ArrayDelay.cpp */,
				4EAD14A01A9E2E8800784045 /* ArrayDelay.h */,
				4EAD14921A9E2E6500784045 /* sdk */,
				4EAD15021A9E367300784045 /* Usine_CPP_SDKProj.xcconfig */,
				4EAD14881A9E2D8400784045 /* Products */,
			);
			sourceTree = "<group>";
		};
		4EAD14881A9E2D8400784045 /* Products */ = {
			isa = PBXGroup;
			children = (
				62C2EA6D2B07AD1F00A282C6 /* ArrayDelay.usr-macos64uni */,
			);
			name = Products;
			sourceTree = "<group>";
		};
		4EAD14921A9E2E6500784045 /* sdk */ = {
			isa = PBXGroup;
			children = (
				629CA0C02B15000000BD4832 /* UsineEventClass.hpp */,
				4EAD14931A9E2E6500784045 /* UserDefinitions.h */,
				4EAD14941A9E2E6500784045 /* UserModule.cpp */,
				4EAD14951A9E2E6500784045 /* UserModule.h */,
				4EAD14961A9E2E6500784045 /* UserUtils.cpp */,
				4EAD14971A9E2E6500784045 /* UserUtils.h */,
				4EAD14981A9E2E6500784045 /* UsineDefinitions.h */,
			);
			name = sdk;
			path = ../../sdk;
			sourceTree = SOURCE_ROOT;
		};
/* End PBXGroup section */

/* Begin PBXHeadersBuildPhase section */
		62C2EA5E2B07AD1F00A282C6 /* Headers */ = {
			isa = PBXHeadersBuildPhase;
			buildActionMask = 2147483647;
			files = (
				62C2EA5F2B07AD1F00A282C6 /* UserDefinitions.h in Headers */,
				629CA0C12B15000000BD4832 /* UsineEventClass.hpp in Headers */,
				62C2EA602B07AD1F00A282C6 /* UserModule.h in Headers */,
				62C2EA612B07AD1F00A282C6 /* UserUtils.h in Headers */,
				62C2EA622B07AD1F00A282C6 /* UsineDefinitions.h in Headers */,
				62C2EA632B07AD1F00A282C6 /* ArrayDelay.h in Headers */,
			);
			runOnlyForDeploymentPostprocessing = 0;
		};
/* End PBXHeadersBuildPhase section */

/* Begin PBXNativeTarget section */
		62C2EA5D2B07AD1F00A282C6 /* ArrayDelay */ = {
			isa = PBXNativeTarget;
			buildConfigurationList = 62C2EA6A2B07AD1F00A282C6 /* Build configuration list for PBXNativeTarget "ArrayDelay" */;
			buildPhases = (
				62C2EA5E2B07AD1F00A282C6 /* Headers */,
				62C2EA642B07AD1F00A282C6 /* Sources */,
				62C2EA682B07AD1F00A282C6 /* CopyFiles */,
			);
			buildRules = (
			);
			dependencies = (
			);
			name = ArrayDelay;
			productName = ArrayDelay;
			productReference = 62C2EA6D2B07AD1F00A282C6 /* ArrayDelay.usr-macos64uni */;
			productType = "com.apple.product-type.library.dynamic";
		};
/* End PBXNativeTarget section */

/* Begin PBXProject section */
		4EAD140A1A9E2A8F00784045 /* Project object */ = {
			isa = PBXProject;
			attributes = {
				LastUpgradeCheck = 1130;
			};
			buildConfigurationList = 4EAD140D1A9E2A8F00784045 /* Build configuration list for PBXProject "ArrayDelay" */;
			compatibilityVersion = "Xcode 3.2";
			developmentRegion = en;
			hasScannedForEncodings = 0;
			knownRegions = (
				de,
				ja,
				fr,
				en,
				Base,
			);
			mainGroup = 4EAD14081A9E2A8F00784045;
			productRefGroup = 4EAD14881A9E2D8400784045 /* Products */;
			projectDirPath = "";
			projectRoot = "";
			targets = (
				62C2EA5D2B07AD1F00A282C6 /* ArrayDelay */,
			);
		};
/* End PBXProject section */

/* Begin PBXSourcesBuildPhase section */
		62C2EA642B07AD1F00A282C6 /* Sources */ = {
			isa = PBXSourcesBuildPhase;
			buildActionMask = 2147483647;
			files = (
				62C2EA652B07AD1F00A282C6 /* UserModule.cpp in Sources */,
				62C2EA662B07AD1F00A282C6 /* UserUtils.cpp in Sources */,
				62C2EA672B07AD1F00A282C6 /* ArrayDelay.cpp in Sources */,
			);
			runOnlyForDeploymentPostprocessing = 0;
		};
/* End PBXSourcesBuildPhase section */

/* Begin XCBuildConfiguration section */
		4EAD140B1A9E2A8F00784045 /* Debug */ = {
			isa = XCBuildConfiguration;
			buildSettings = {
				CLANG_ANALYZER_LOCALIZABILITY_NONLOCALIZED = YES;
				CLANG_OPTIMIZATION_PROFILE_FILE = "";
				CLANG_WARN_BLOCK_CAPTURE_AUTORELEASING = YES;
				CLANG_WARN_BOOL_CONVERSION = YES;
				CLANG_WARN_COMMA = YES;
				CLANG_WARN_CONSTANT_CONVERSION = YES;
				CLANG_WARN_DEPRECATED_OBJC_IMPLEMENTATIONS = YES;
				CLANG_WARN_EMPTY_BODY = YES;
				CLANG_WARN_ENUM_CONVERSION = YES;
				CLANG_WARN_INFINITE_RECURSION = YES;
				CLANG_WARN_INT_CONVERSION = YES;
				CLANG_WARN_NON_LITERAL_NULL_CONVERSION = YES;
				CLANG_WARN_OBJC_IMPLICIT_RETAIN_SELF = YES;
				CLANG_WARN_OBJC_LITERAL_CONVERSION = YES;
				CLANG_WARN_RANGE_LOOP_ANALYSIS = YES;
				CLANG_WARN_STRICT_PROTOTYPES = YES;
				CLANG_WARN_SUSPICIOUS_MOVE = YES;
				CLANG_WARN_UNREACHABLE_CODE = YES;
				CLANG_WARN__DUPLICATE_METHOD_MATCH = YES;
				COPY_PHASE_STRIP = NO;
				ENABLE_STRICT_OBJC_MSGSEND = YES;
				ENABLE_TESTABILITY = YES;
				GCC_NO_COMMON_BLOCKS = YES;
				GCC_WARN_64_TO_32_BIT_CONVERSION = YES;
				GCC_WARN_UNDECLARED_SELECTOR = YES;
				GCC_WARN_UNINITIALIZED_AUTOS = YES;
				GCC_WARN_UNUSED_FUNCTION = YES;
				MACOSX_DEPLOYMENT_TARGET = 10.8;
				ONLY_ACTIVE_ARCH = YES;
				OTHER_CPLUSPLUSFLAGS = (
					"-Wno-write-strings",
					"-mstackrealign",
					"$(OTHER_CFLAGS)",
				);
				SDKROOT = macosx13.1;
				STRINGS_FILE_OUTPUT_ENCODING = "UTF-8";
				SYMROOT = /tmp;
				VALID_ARCHS = x86_64;
			};
			name = Debug;
		};
		4EAD140C1A9E2A8F00784045 /* Release */ = {
			isa = XCBuildConfiguration;
			baseConfigurationReference = 4EAD15021A9E367300784045 /* Usine_CPP_SDKProj.xcconfig */;
			buildSettings = {
				CLANG_ANALYZER_LOCALIZABILITY_NONLOCALIZED = YES;
				CLANG_OPTIMIZATION_PROFILE_FILE = "";
				CLANG_WARN_BLOCK_CAPTURE_AUTORELEASING = YES;
				CLANG_WARN_BOOL_CONVERSION = YES;
				CLANG_WARN_COMMA = YES;
				CLANG_WARN_CONSTANT_CONVERSION = YES;
				CLANG_WARN_DEPRECATED_OBJC_IMPLEMENTATIONS = YES;
				CLANG_WARN_EMPTY_BODY = YES;
				CLANG_WARN_ENUM_CONVERSION = YES;
				CLANG_WARN_INFINITE_RECURSION = YES;
				CLANG_WARN_INT_CONVERSION = YES;
				CLANG_WARN_NON_LITERAL_NULL_CONVERSION = YES;
				CLANG_WARN_OBJC_IMPLICIT_RETAIN_SELF = YES;
				CLANG_WARN_OBJC_LITERAL_CONVERSION = YES;
				CLANG_WARN_RANGE_LOOP_ANALYSIS = YES;
				CLANG_WARN_STRICT_PROTOTYPES = YES;
				CLANG_WARN_SUSPICIOUS_MOVE = YES;
				CLANG_WARN_UNREACHABLE_CODE = YES;
				CLANG_WARN__DUPLICATE_METHOD_MATCH = YES;
				COPY_PHASE_STRIP = YES;
				ENABLE_STRICT_OBJC_MSGSEND = YES;
				GCC_NO_COMMON_BLOCKS = YES;
				GCC_WARN_64_TO_32_BIT_CONVERSION = YES;
				GCC_WARN_UNDECLARED_SELECTOR = YES;
				GCC_WARN_UNINITIALIZED_AUTOS = YES;
				GCC_WARN_UNUSED_FUNCTION = YES;
				MACOSX_DEPLOYMENT_TARGET = 10.8;
				ONLY_ACTIVE_ARCH = YES;
				OTHER_CPLUSPLUSFLAGS = (
					"-Wno-write-strings",
					"-mstackrealign",
					"$(OTHER_CFLAGS)",
				);
				SDKROOT = macosx13.1;
				STRINGS_FILE_OUTPUT_ENCODING = "UTF-8";
				SYMROOT = /tmp;
				VALID_ARCHS = x86_64;
			};
			name = Release;
		};
		62C2EA6B2B07AD1F00A282C6 /* Debug */ = {
			isa = XCBuildConfiguration;
			buildSettings = {
				ALWAYS_SEARCH_USER_PATHS = NO;
				CLANG_CXX_LANGUAGE_STANDARD = "c++14";
				CLANG_CXX_LIBRARY = "libc++";
				CLANG_ENABLE_OBJC_WEAK = YES;
				COPY_PHASE_STRIP = NO;
				DYLIB_COMPATIBILITY_VERSION = 1;
				DYLIB_CURRENT_VERSION = 1;
				EXECUTABLE_EXTENSION = "usr-macos64uni";
				GCC_DYNAMIC_NO_PIC = NO;
				GCC_ENABLE_EXCEPTIONS = YES;
				GCC_MODEL_TUNING = G5;
				GCC_OPTIMIZATION_LEVEL = 0;
				GCC_PRECOMPILE_PREFIX_HEADER = NO;
				GCC_PREFIX_HEADER = "";
				GCC_PREPROCESSOR_DEFINITIONS = (
					"DEBUG=1",
					"MACOSX=1",
					"USINE_OSX_1068=1",
				);
				GCC_VERSION = com.apple.compilers.llvm.clang.1_0;
				INSTALL_PATH = /usr/local/lib;
				MACOSX_DEPLOYMENT_TARGET = 10.13;
				ONLY_ACTIVE_ARCH = NO;
				OTHER_CPLUSPLUSFLAGS = (
					"-Wno-write-strings",
					"-mstackrealign",
					"$(OTHER_CFLAGS)",
				);
				OTHER_LDFLAGS = "";
				PRODUCT_NAME = ArrayDelay;
				SDKROOT = macosx;
				SKIP_INSTALL = YES;
				SYMROOT = /tmp;
				VALID_ARCHS = "arm64 x86_64";
			};
			name = Debug;
		};
		62C2EA6C2B07AD1F00A282C6 /* Release */ = {
			isa = XCBuildConfiguration;
			buildSettings = {
				ALWAYS_SEARCH_USER_PATHS = NO;
				CLANG_CXX_LANGUAGE_STANDARD = "c++14";
				CLANG_CXX_LIBRARY = "libc++";
				CLANG_ENABLE_OBJC_WEAK = YES;
				COPY_PHASE_STRIP = YES;
				DEBUG_INFORMATION_FORMAT = "dwarf-with-dsym";
				DYLIB_COMPATIBILITY_VERSION = 1;
				DYLIB_CURRENT_VERSION = 1;
				EXECUTABLE_EXTENSION = "usr-macos64uni";
				GCC_ENABLE_EXCEPTIONS = YES;
				GCC_MODEL_TUNING = G5;
				GCC_PRECOMPILE_PREFIX_HEADER = NO;
				GCC_PREFIX_HEADER = "";
				GCC_PREPROCESSOR_DEFINITIONS = (
					"NDEBUG=1",
					"MACOSX=1",
					"USINE_OSX_1068=1",
				);
				GCC_VERSION = com.apple.compilers.llvm.clang.1_0;
				INSTALL_PATH = /usr/local/lib;
				MACOSX_DEPLOYMENT_TARGET = 10.13;
				ONLY_ACTIVE_ARCH = NO;
				OTHER_CPLUSPLUSFLAGS = (
					"-Wno-write-strings",
					"-mstackrealign",
					"$(OTHER_CFLAGS)",
				);
				OTHER_LDFLAGS = "";
				PRODUCT_NAME = ArrayDelay;
				SDKROOT = macosx;
				SKIP_INSTALL = YES;
				SYMROOT = /tmp;
				VALID_ARCHS = "arm64 x86_64";
				ZERO_LINK = NO;
			};
			name = Release;
		};
/* End XCBuildConfiguration section */

/* Begin XCConfigurationList section */
		4EAD140D1A9E2A8F00784045 /* Build configuration list for PBXProject "ArrayDelay" */ = {
			isa = XCConfigurationList;
			buildConfigurations = (
				4EAD140B1A9E2A8F00784045 /* Debug */,
				4EAD140C1A9E2A8F00784045 /* Release */,
			);
			defaultConfigurationIsVisible = 0;
			defaultConfigurationName = Release;
		};
		62C2EA6A2B07AD1F00A282C6 /* Build configuration list for PBXNativeTarget "ArrayDelay" */ = {
			isa = XCConfigurationList;
			buildConfigurations = (
				62C2EA6B2B07AD1F00A282C6 /* Debug */,
				62C2EA6C2B07AD1F00A282C6 /* Release */,
			);
			defaultConfigurationIsVisible = 0;
			defaultConfigurationName = Release;
		};
/* End XCConfigurationList section */
	};
	rootObject = 4EAD140A1A9E2A8F00784045 /* Project object */;
}
