Microsoft Visual Studio Solution File, Format Version 11.00
# Visual Studio 2013
Project("{6567D7AF-1C96-5192-D094-458BF7B5FC9D}") = "Juce_v4", "Juce_v4.vcxproj", "{F0E72832-4E06-9243-BAAE-29E433BDF902}"
EndProject
Global
	GlobalSection(SolutionConfigurationPlatforms) = preSolution
		Debug|Win32 = Debug|Win32
		Release|Win32 = Release|Win32
	EndGlobalSection
	GlobalSection(ProjectConfigurationPlatforms) = postSolution
		{F0E72832-4E06-9243-BAAE-29E433BDF902}.Debug|Win32.ActiveCfg = Debug|Win32
		{F0E72832-4E06-9243-BAAE-29E433BDF902}.Debug|Win32.Build.0 = Debug|Win32
		{F0E72832-4E06-9243-BAAE-29E433BDF902}.Release|Win32.ActiveCfg = Release|Win32
		{F0E72832-4E06-9243-BAAE-29E433BDF902}.Release|Win32.Build.0 = Release|Win32
	EndGlobalSection
	GlobalSection(SolutionProperties) = preSolution
		HideSolutionNode = FALSE
	EndGlobalSection
EndGlobal
