// !$*UTF8*$!
{
	archiveVersion = 1;
	classes = {
	};
	objectVersion = 56;
	objects = {

/* Begin PBXBuildFile section */
		624DEC422B176E9C00FAD546 /* UserUtils.h in Headers */ = {isa = PBXBuildFile; fileRef = 624DEC3B2B176E9B00FAD546 /* UserUtils.h */; };
		624DEC432B176E9C00FAD546 /* UserDefinitions.h in Headers */ = {isa = PBXBuildFile; fileRef = 624DEC3C2B176E9C00FAD546 /* UserDefinitions.h */; };
		624DEC442B176E9C00FAD546 /* UsineEventClass.hpp in Headers */ = {isa = PBXBuildFile; fileRef = 624DEC3D2B176E9C00FAD546 /* UsineEventClass.hpp */; };
		624DEC452B176E9C00FAD546 /* UserModule.h in Headers */ = {isa = PBXBuildFile; fileRef = 624DEC3E2B176E9C00FAD546 /* UserModule.h */; };
		624DEC462B176E9C00FAD546 /* UserUtils.cpp in Sources */ = {isa = PBXBuildFile; fileRef = 624DEC3F2B176E9C00FAD546 /* UserUtils.cpp */; };
		624DEC472B176E9C00FAD546 /* UserModule.cpp in Sources */ = {isa = PBXBuildFile; fileRef = 624DEC402B176E9C00FAD546 /* UserModule.cpp */; };
		624DEC482B176E9C00FAD546 /* UsineDefinitions.h in Headers */ = {isa = PBXBuildFile; fileRef = 624DEC412B176E9C00FAD546 /* UsineDefinitions.h */; };
		746B66BC2B07C1AA007E167A /* RingModMultithread.cpp in Sources */ = {isa = PBXBuildFile; fileRef = 746B66BB2B07C1AA007E167A /* RingModMultithread.cpp */; };
		746B66C02B07C1DB007E167A /* RingModMultithread.h in Headers */ = {isa = PBXBuildFile; fileRef = 746B66BF2B07C1DB007E167A /* RingModMultithread.h */; };
		746B66D22B07C6E1007E167A /* RingModMultithread.h in Sources */ = {isa = PBXBuildFile; fileRef = 746B66BF2B07C1DB007E167A /* RingModMultithread.h */; };
		FC41A6252A37848100669EDF /* RingModMultithread.usr-macos64uni in Copy Files */ = {isa = PBXBuildFile; fileRef = FC4D1C0E2A3771FB00F61C3B /* RingModMultithread.usr-macos64uni */; };
/* End PBXBuildFile section */

/* Begin PBXCopyFilesBuildPhase section */
		FC41A6242A37846D00669EDF /* Copy Files */ = {
			isa = PBXCopyFilesBuildPhase;
			buildActionMask = 2147483647;
			dstPath = "$(SRCROOT)/../../bin/SDK Examples";
			dstSubfolderSpec = 0;
			files = (
				FC41A6252A37848100669EDF /* RingModMultithread.usr-macos64uni in Copy Files */,
			);
			name = "Copy Files";
			runOnlyForDeploymentPostprocessing = 0;
		};
/* End PBXCopyFilesBuildPhase section */

/* Begin PBXFileReference section */
		624DEC3B2B176E9B00FAD546 /* UserUtils.h */ = {isa = PBXFileReference; fileEncoding = 4; lastKnownFileType = sourcecode.c.h; name = UserUtils.h; path = ../../../sdk/UserUtils.h; sourceTree = "<group>"; };
		624DEC3C2B176E9C00FAD546 /* UserDefinitions.h */ = {isa = PBXFileReference; fileEncoding = 4; lastKnownFileType = sourcecode.c.h; name = UserDefinitions.h; path = ../../../sdk/UserDefinitions.h; sourceTree = "<group>"; };
		624DEC3D2B176E9C00FAD546 /* UsineEventClass.hpp */ = {isa = PBXFileReference; fileEncoding = 4; lastKnownFileType = sourcecode.cpp.h; name = UsineEventClass.hpp; path = ../../../sdk/UsineEventClass.hpp; sourceTree = "<group>"; };
		624DEC3E2B176E9C00FAD546 /* UserModule.h */ = {isa = PBXFileReference; fileEncoding = 4; lastKnownFileType = sourcecode.c.h; name = UserModule.h; path = ../../../sdk/UserModule.h; sourceTree = "<group>"; };
		624DEC3F2B176E9C00FAD546 /* UserUtils.cpp */ = {isa = PBXFileReference; fileEncoding = 4; lastKnownFileType = sourcecode.cpp.cpp; name = UserUtils.cpp; path = ../../../sdk/UserUtils.cpp; sourceTree = "<group>"; };
		624DEC402B176E9C00FAD546 /* UserModule.cpp */ = {isa = PBXFileReference; fileEncoding = 4; lastKnownFileType = sourcecode.cpp.cpp; name = UserModule.cpp; path = ../../../sdk/UserModule.cpp; sourceTree = "<group>"; };
		624DEC412B176E9C00FAD546 /* UsineDefinitions.h */ = {isa = PBXFileReference; fileEncoding = 4; lastKnownFileType = sourcecode.c.h; name = UsineDefinitions.h; path = ../../../sdk/UsineDefinitions.h; sourceTree = "<group>"; };
		746B66BB2B07C1AA007E167A /* RingModMultithread.cpp */ = {isa = PBXFileReference; fileEncoding = 4; lastKnownFileType = sourcecode.cpp.cpp; path = RingModMultithread.cpp; sourceTree = "<group>"; };
		746B66BF2B07C1DB007E167A /* RingModMultithread.h */ = {isa = PBXFileReference; fileEncoding = 4; lastKnownFileType = sourcecode.c.h; name = RingModMultithread.h; path = ../../sdk/RingModMultithread.h; sourceTree = "<group>"; };
		FC41A6232A377FF900669EDF /* RingModMultithread.xctestplan */ = {isa = PBXFileReference; lastKnownFileType = text; name = RingModMultithread.xctestplan; path = RingModMultithread.xcodeproj/RingModMultithread.xctestplan; sourceTree = "<group>"; };
		FC4D1C0E2A3771FB00F61C3B /* RingModMultithread.usr-macos64uni */ = {isa = PBXFileReference; explicitFileType = "compiled.mach-o.dylib"; includeInIndex = 0; path = "RingModMultithread.usr-macos64uni"; sourceTree = BUILT_PRODUCTS_DIR; };
/* End PBXFileReference section */

/* Begin PBXFrameworksBuildPhase section */
		FC4D1C0C2A3771FB00F61C3B /* Frameworks */ = {
			isa = PBXFrameworksBuildPhase;
			buildActionMask = 2147483647;
			files = (
			);
			runOnlyForDeploymentPostprocessing = 0;
		};
/* End PBXFrameworksBuildPhase section */

/* Begin PBXGroup section */
		62299FF02B175F6A007F7F15 /* sdk */ = {
			isa = PBXGroup;
			children = (
				624DEC3C2B176E9C00FAD546 /* UserDefinitions.h */,
				624DEC402B176E9C00FAD546 /* UserModule.cpp */,
				624DEC3E2B176E9C00FAD546 /* UserModule.h */,
				624DEC3F2B176E9C00FAD546 /* UserUtils.cpp */,
				624DEC3B2B176E9B00FAD546 /* UserUtils.h */,
				624DEC412B176E9C00FAD546 /* UsineDefinitions.h */,
				624DEC3D2B176E9C00FAD546 /* UsineEventClass.hpp */,
			);
			path = sdk;
			sourceTree = "<group>";
		};
		FC4D1C052A3771FB00F61C3B = {
			isa = PBXGroup;
			children = (
				62299FF02B175F6A007F7F15 /* sdk */,
				746B66BF2B07C1DB007E167A /* RingModMultithread.h */,
				746B66BB2B07C1AA007E167A /* RingModMultithread.cpp */,
				FC41A6232A377FF900669EDF /* RingModMultithread.xctestplan */,
				FC4D1C0F2A3771FB00F61C3B /* Products */,
			);
			sourceTree = "<group>";
		};
		FC4D1C0F2A3771FB00F61C3B /* Products */ = {
			isa = PBXGroup;
			children = (
				FC4D1C0E2A3771FB00F61C3B /* RingModMultithread.usr-macos64uni */,
			);
			name = Products;
			sourceTree = "<group>";
		};
/* End PBXGroup section */

/* Begin PBXHeadersBuildPhase section */
		FC4D1C0A2A3771FB00F61C3B /* Headers */ = {
			isa = PBXHeadersBuildPhase;
			buildActionMask = 2147483647;
			files = (
				624DEC432B176E9C00FAD546 /* UserDefinitions.h in Headers */,
				624DEC442B176E9C00FAD546 /* UsineEventClass.hpp in Headers */,
				624DEC482B176E9C00FAD546 /* UsineDefinitions.h in Headers */,
				624DEC452B176E9C00FAD546 /* UserModule.h in Headers */,
				746B66C02B07C1DB007E167A /* RingModMultithread.h in Headers */,
				624DEC422B176E9C00FAD546 /* UserUtils.h in Headers */,
			);
			runOnlyForDeploymentPostprocessing = 0;
		};
/* End PBXHeadersBuildPhase section */

/* Begin PBXNativeTarget section */
		FC4D1C0D2A3771FB00F61C3B /* RingModMultithread */ = {
			isa = PBXNativeTarget;
			buildConfigurationList = FC4D1C122A3771FB00F61C3B /* Build configuration list for PBXNativeTarget "RingModMultithread" */;
			buildPhases = (
				FC4D1C0A2A3771FB00F61C3B /* Headers */,
				FC4D1C0B2A3771FB00F61C3B /* Sources */,
				FC4D1C0C2A3771FB00F61C3B /* Frameworks */,
				FC41A6242A37846D00669EDF /* Copy Files */,
			);
			buildRules = (
			);
			dependencies = (
			);
			name = RingModMultithread;
			productName = RingModMultithread;
			productReference = FC4D1C0E2A3771FB00F61C3B /* RingModMultithread.usr-macos64uni */;
			productType = "com.apple.product-type.library.dynamic";
		};
/* End PBXNativeTarget section */

/* Begin PBXProject section */
		FC4D1C062A3771FB00F61C3B /* Project object */ = {
			isa = PBXProject;
			attributes = {
				BuildIndependentTargetsInParallel = 1;
				LastUpgradeCheck = 1400;
				TargetAttributes = {
					FC4D1C0D2A3771FB00F61C3B = {
						CreatedOnToolsVersion = 14.0.1;
					};
				};
			};
			buildConfigurationList = FC4D1C092A3771FB00F61C3B /* Build configuration list for PBXProject "RingModMultithread" */;
			compatibilityVersion = "Xcode 14.0";
			developmentRegion = en;
			hasScannedForEncodings = 0;
			knownRegions = (
				en,
				Base,
			);
			mainGroup = FC4D1C052A3771FB00F61C3B;
			productRefGroup = FC4D1C0F2A3771FB00F61C3B /* Products */;
			projectDirPath = "";
			projectRoot = "";
			targets = (
				FC4D1C0D2A3771FB00F61C3B /* RingModMultithread */,
			);
		};
/* End PBXProject section */

/* Begin PBXSourcesBuildPhase section */
		FC4D1C0B2A3771FB00F61C3B /* Sources */ = {
			isa = PBXSourcesBuildPhase;
			buildActionMask = 2147483647;
			files = (
				624DEC472B176E9C00FAD546 /* UserModule.cpp in Sources */,
				746B66D22B07C6E1007E167A /* RingModMultithread.h in Sources */,
				624DEC462B176E9C00FAD546 /* UserUtils.cpp in Sources */,
				746B66BC2B07C1AA007E167A /* RingModMultithread.cpp in Sources */,
			);
			runOnlyForDeploymentPostprocessing = 0;
		};
/* End PBXSourcesBuildPhase section */

/* Begin XCBuildConfiguration section */
		FC4D1C102A3771FB00F61C3B /* Debug */ = {
			isa = XCBuildConfiguration;
			buildSettings = {
				ALWAYS_SEARCH_USER_PATHS = NO;
				ARCHS = "$(ARCHS_STANDARD)";
				CLANG_ANALYZER_NONNULL = YES;
				CLANG_ANALYZER_NUMBER_OBJECT_CONVERSION = YES_AGGRESSIVE;
				CLANG_CXX_LANGUAGE_STANDARD = "gnu++20";
				CLANG_ENABLE_MODULES = YES;
				CLANG_ENABLE_OBJC_ARC = YES;
				CLANG_ENABLE_OBJC_WEAK = YES;
				CLANG_OPTIMIZATION_PROFILE_FILE = "";
				CLANG_WARN_BLOCK_CAPTURE_AUTORELEASING = YES;
				CLANG_WARN_BOOL_CONVERSION = YES;
				CLANG_WARN_COMMA = YES;
				CLANG_WARN_CONSTANT_CONVERSION = YES;
				CLANG_WARN_DEPRECATED_OBJC_IMPLEMENTATIONS = YES;
				CLANG_WARN_DIRECT_OBJC_ISA_USAGE = YES_ERROR;
				CLANG_WARN_DOCUMENTATION_COMMENTS = YES;
				CLANG_WARN_EMPTY_BODY = YES;
				CLANG_WARN_ENUM_CONVERSION = YES;
				CLANG_WARN_INFINITE_RECURSION = YES;
				CLANG_WARN_INT_CONVERSION = YES;
				CLANG_WARN_NON_LITERAL_NULL_CONVERSION = YES;
				CLANG_WARN_OBJC_IMPLICIT_RETAIN_SELF = YES;
				CLANG_WARN_OBJC_LITERAL_CONVERSION = YES;
				CLANG_WARN_OBJC_ROOT_CLASS = YES_ERROR;
				CLANG_WARN_QUOTED_INCLUDE_IN_FRAMEWORK_HEADER = YES;
				CLANG_WARN_RANGE_LOOP_ANALYSIS = YES;
				CLANG_WARN_STRICT_PROTOTYPES = YES;
				CLANG_WARN_SUSPICIOUS_MOVE = YES;
				CLANG_WARN_UNGUARDED_AVAILABILITY = YES_AGGRESSIVE;
				CLANG_WARN_UNREACHABLE_CODE = YES;
				CLANG_WARN__DUPLICATE_METHOD_MATCH = YES;
				COPY_PHASE_STRIP = NO;
				DEBUG_INFORMATION_FORMAT = "dwarf-with-dsym";
				DYLIB_INSTALL_NAME_BASE = "$(INSTALL_PATH)";
				ENABLE_STRICT_OBJC_MSGSEND = YES;
				ENABLE_TESTABILITY = YES;
				GCC_C_LANGUAGE_STANDARD = gnu11;
				GCC_DYNAMIC_NO_PIC = NO;
				GCC_NO_COMMON_BLOCKS = YES;
				GCC_OPTIMIZATION_LEVEL = 0;
				GCC_PREPROCESSOR_DEFINITIONS = (
					"DEBUG=1",
					"$(inherited)",
				);
				GCC_WARN_64_TO_32_BIT_CONVERSION = YES;
				GCC_WARN_ABOUT_RETURN_TYPE = YES_ERROR;
				GCC_WARN_UNDECLARED_SELECTOR = YES;
				GCC_WARN_UNINITIALIZED_AUTOS = YES_AGGRESSIVE;
				GCC_WARN_UNUSED_FUNCTION = YES;
				GCC_WARN_UNUSED_VARIABLE = YES;
				"HEADER_SEARCH_PATHS[arch=*]" = "";
				LD_DYLIB_INSTALL_NAME = "$(LD_DYLIB_INSTALL_NAME_$(LLVM_TARGET_TRIPLE_VENDOR):default=$(EXECUTABLE_PATH))";
				LD_RUNPATH_SEARCH_PATHS = "";
				LIBRARY_SEARCH_PATHS = "";
				MACOSX_DEPLOYMENT_TARGET = 12.3;
				MTL_ENABLE_DEBUG_INFO = INCLUDE_SOURCE;
				MTL_FAST_MATH = YES;
				OBJROOT = /tmp;
				ONLY_ACTIVE_ARCH = NO;
				SDKROOT = macosx;
				SHARED_PRECOMPS_DIR = /tmp/SharedPrecompiledHeaders;
				SYMROOT = /tmp;
			};
			name = Debug;
		};
		FC4D1C112A3771FB00F61C3B /* Release */ = {
			isa = XCBuildConfiguration;
			buildSettings = {
				ALWAYS_SEARCH_USER_PATHS = NO;
				ARCHS = "$(ARCHS_STANDARD)";
				CLANG_ANALYZER_NONNULL = YES;
				CLANG_ANALYZER_NUMBER_OBJECT_CONVERSION = YES_AGGRESSIVE;
				CLANG_CXX_LANGUAGE_STANDARD = "gnu++20";
				CLANG_ENABLE_MODULES = YES;
				CLANG_ENABLE_OBJC_ARC = YES;
				CLANG_ENABLE_OBJC_WEAK = YES;
				CLANG_OPTIMIZATION_PROFILE_FILE = "";
				CLANG_WARN_BLOCK_CAPTURE_AUTORELEASING = YES;
				CLANG_WARN_BOOL_CONVERSION = YES;
				CLANG_WARN_COMMA = YES;
				CLANG_WARN_CONSTANT_CONVERSION = YES;
				CLANG_WARN_DEPRECATED_OBJC_IMPLEMENTATIONS = YES;
				CLANG_WARN_DIRECT_OBJC_ISA_USAGE = YES_ERROR;
				CLANG_WARN_DOCUMENTATION_COMMENTS = YES;
				CLANG_WARN_EMPTY_BODY = YES;
				CLANG_WARN_ENUM_CONVERSION = YES;
				CLANG_WARN_INFINITE_RECURSION = YES;
				CLANG_WARN_INT_CONVERSION = YES;
				CLANG_WARN_NON_LITERAL_NULL_CONVERSION = YES;
				CLANG_WARN_OBJC_IMPLICIT_RETAIN_SELF = YES;
				CLANG_WARN_OBJC_LITERAL_CONVERSION = YES;
				CLANG_WARN_OBJC_ROOT_CLASS = YES_ERROR;
				CLANG_WARN_QUOTED_INCLUDE_IN_FRAMEWORK_HEADER = YES;
				CLANG_WARN_RANGE_LOOP_ANALYSIS = YES;
				CLANG_WARN_STRICT_PROTOTYPES = YES;
				CLANG_WARN_SUSPICIOUS_MOVE = YES;
				CLANG_WARN_UNGUARDED_AVAILABILITY = YES_AGGRESSIVE;
				CLANG_WARN_UNREACHABLE_CODE = YES;
				CLANG_WARN__DUPLICATE_METHOD_MATCH = YES;
				COPY_PHASE_STRIP = NO;
				DEBUG_INFORMATION_FORMAT = "dwarf-with-dsym";
				DYLIB_INSTALL_NAME_BASE = "$(INSTALL_PATH)";
				ENABLE_NS_ASSERTIONS = NO;
				ENABLE_STRICT_OBJC_MSGSEND = YES;
				GCC_C_LANGUAGE_STANDARD = gnu11;
				GCC_NO_COMMON_BLOCKS = YES;
				GCC_WARN_64_TO_32_BIT_CONVERSION = YES;
				GCC_WARN_ABOUT_RETURN_TYPE = YES_ERROR;
				GCC_WARN_UNDECLARED_SELECTOR = YES;
				GCC_WARN_UNINITIALIZED_AUTOS = YES_AGGRESSIVE;
				GCC_WARN_UNUSED_FUNCTION = YES;
				GCC_WARN_UNUSED_VARIABLE = YES;
				LD_DYLIB_INSTALL_NAME = "$(LD_DYLIB_INSTALL_NAME_$(LLVM_TARGET_TRIPLE_VENDOR):default=$(EXECUTABLE_PATH))";
				LD_RUNPATH_SEARCH_PATHS = "";
				LIBRARY_SEARCH_PATHS = "";
				MACOSX_DEPLOYMENT_TARGET = 12.3;
				MTL_ENABLE_DEBUG_INFO = NO;
				MTL_FAST_MATH = YES;
				OBJROOT = /tmp;
				ONLY_ACTIVE_ARCH = NO;
				SDKROOT = macosx;
				SHARED_PRECOMPS_DIR = /tmp/SharedPrecompiledHeaders;
				SYMROOT = /tmp;
			};
			name = Release;
		};
		FC4D1C132A3771FB00F61C3B /* Debug */ = {
			isa = XCBuildConfiguration;
			buildSettings = {
				ARCHS = "$(ARCHS_STANDARD)";
				CODE_SIGN_STYLE = Automatic;
				DEVELOPMENT_ASSET_PATHS = "";
				DYLIB_COMPATIBILITY_VERSION = 1;
				DYLIB_CURRENT_VERSION = 1;
				DYLIB_INSTALL_NAME_BASE = "$(INSTALL_PATH)";
				EXECUTABLE_EXTENSION = "usr-macos64uni";
				EXECUTABLE_PREFIX = "";
				LD_MAP_FILE_PATH = "";
				MACOSX_DEPLOYMENT_TARGET = 10.13;
				OBJROOT = /tmp;
				ONLY_ACTIVE_ARCH = NO;
				PRODUCT_NAME = "$(TARGET_NAME)";
				SDKROOT = macosx;
				SHARED_PRECOMPS_DIR = /tmp/SharedPrecompiledHeaders;
				SKIP_INSTALL = YES;
				STRINGS_FILE_OUTPUT_ENCODING = "UTF-8";
				SYMROOT = /tmp;
				VALID_ARCHS = "x86_64 arm64";
			};
			name = Debug;
		};
		FC4D1C142A3771FB00F61C3B /* Release */ = {
			isa = XCBuildConfiguration;
			buildSettings = {
				ARCHS = "$(ARCHS_STANDARD)";
				CODE_SIGN_STYLE = Automatic;
				DEVELOPMENT_ASSET_PATHS = "";
				DYLIB_COMPATIBILITY_VERSION = 1;
				DYLIB_CURRENT_VERSION = 1;
				DYLIB_INSTALL_NAME_BASE = "$(INSTALL_PATH)";
				EXECUTABLE_EXTENSION = "usr-macos64uni";
				EXECUTABLE_PREFIX = "";
				LD_MAP_FILE_PATH = "";
				MACOSX_DEPLOYMENT_TARGET = 10.13;
				OBJROOT = /tmp;
				ONLY_ACTIVE_ARCH = NO;
				PRODUCT_NAME = "$(TARGET_NAME)";
				SDKROOT = macosx;
				SHARED_PRECOMPS_DIR = /tmp/SharedPrecompiledHeaders;
				SKIP_INSTALL = YES;
				STRINGS_FILE_OUTPUT_ENCODING = "UTF-8";
				SYMROOT = /tmp;
				VALID_ARCHS = "x86_64 arm64";
			};
			name = Release;
		};
/* End XCBuildConfiguration section */

/* Begin XCConfigurationList section */
		FC4D1C092A3771FB00F61C3B /* Build configuration list for PBXProject "RingModMultithread" */ = {
			isa = XCConfigurationList;
			buildConfigurations = (
				FC4D1C102A3771FB00F61C3B /* Debug */,
				FC4D1C112A3771FB00F61C3B /* Release */,
			);
			defaultConfigurationIsVisible = 0;
			defaultConfigurationName = Debug;
		};
		FC4D1C122A3771FB00F61C3B /* Build configuration list for PBXNativeTarget "RingModMultithread" */ = {
			isa = XCConfigurationList;
			buildConfigurations = (
				FC4D1C132A3771FB00F61C3B /* Debug */,
				FC4D1C142A3771FB00F61C3B /* Release */,
			);
			defaultConfigurationIsVisible = 0;
			defaultConfigurationName = Debug;
		};
/* End XCConfigurationList section */
	};
	rootObject = FC4D1C062A3771FB00F61C3B /* Project object */;
}
