
Microsoft Visual Studio Solution File, Format Version 12.00
# Visual Studio 14
VisualStudioVersion = 14.0.25420.1
MinimumVisualStudioVersion = 10.0.40219.1
Project("{8BC9CEB8-8B4A-11D0-8D11-00A0C91BC942}") = "DeviceAudio", "..\..\DeviceAudio\DeviceAudio.vcxproj", "{0C4E0314-8A93-4BFA-AD5E-FDA8A97782E5}"
EndProject
Project("{8BC9CEB8-8B4A-11D0-8D11-00A0C91BC942}") = "DeviceDMX", "..\..\DeviceDMX\DeviceDMX.vcxproj", "{9757CEA7-3D93-41F4-AE13-B86E84B46B24}"
EndProject
Project("{8BC9CEB8-8B4A-11D0-8D11-00A0C91BC942}") = "Matrix Audio Mix", "..\..\Matrix - Audio Mix\Matrix Audio Mix.vcxproj", "{54BAC81D-AD89-4FCB-92F9-977985BBB502}"
EndProject
Project("{8BC9CEB8-8B4A-11D0-8D11-00A0C91BC942}") = "Matrix Data Mix", "..\..\Matrix - Data Mix\Matrix Data Mix.vcxproj", "{462DD0AE-8C02-4E18-B9E8-9B2ADC970FCB}"
EndProject
Project("{8BC9CEB8-8B4A-11D0-8D11-00A0C91BC942}") = "DeviceMidi", "..\..\DeviceMidi\DeviceMidi.vcxproj", "{B919C649-A836-413B-BFE9-590F1FB36B01}"
EndProject
Project("{8BC9CEB8-8B4A-11D0-8D11-00A0C91BC942}") = "PluginLister", "..\..\PluginLister\PluginLister.vcxproj", "{9031397F-8400-4AAC-AEB5-920AE7E3691E}"
EndProject
Project("{8BC9CEB8-8B4A-11D0-8D11-00A0C91BC942}") = "Matrix", "..\..\Matrix - Display or Set\Matrix.vcxproj", "{54CC05DF-E8E2-476B-8824-F17863C95C95}"
EndProject
Project("{8BC9CEB8-8B4A-11D0-8D11-00A0C91BC942}") = "Matrix Midi Mix", "..\..\Matrix - Midi Mix\Matrix Midi Mix.vcxproj", "{F2C1305D-86DD-412D-83B5-310D099168D5}"
EndProject
Project("{8BC9CEB8-8B4A-11D0-8D11-00A0C91BC942}") = "Draw-Trajectory", "..\..\Draw-Trajectory\Draw-Trajectory.vcxproj", "{5D85F33F-B213-4001-830C-7FA082017EFB}"
EndProject
Project("{8BC9CEB8-8B4A-11D0-8D11-00A0C91BC942}") = "Leap-Motion", "..\..\Leap-Motion\Leap-Motion.vcxproj", "{D957825F-2350-4B97-B8A8-6BB45F726D07}"
EndProject
Project("{8BC9CEB8-8B4A-11D0-8D11-00A0C91BC942}") = "HID-Device", "..\..\HID-Device\HID-Device.vcxproj", "{7634EEF0-BF5E-4033-8394-6BECD41B625D}"
EndProject
Global
	GlobalSection(SolutionConfigurationPlatforms) = preSolution
		Debug|x64 = Debug|x64
		Debug|x86 = Debug|x86
		Release|x64 = Release|x64
		Release|x86 = Release|x86
	EndGlobalSection
	GlobalSection(ProjectConfigurationPlatforms) = postSolution
		{0C4E0314-8A93-4BFA-AD5E-FDA8A97782E5}.Debug|x64.ActiveCfg = Debug|x64
		{0C4E0314-8A93-4BFA-AD5E-FDA8A97782E5}.Debug|x64.Build.0 = Debug|x64
		{0C4E0314-8A93-4BFA-AD5E-FDA8A97782E5}.Debug|x86.ActiveCfg = Debug|Win32
		{0C4E0314-8A93-4BFA-AD5E-FDA8A97782E5}.Debug|x86.Build.0 = Debug|Win32
		{0C4E0314-8A93-4BFA-AD5E-FDA8A97782E5}.Release|x64.ActiveCfg = Release|x64
		{0C4E0314-8A93-4BFA-AD5E-FDA8A97782E5}.Release|x64.Build.0 = Release|x64
		{0C4E0314-8A93-4BFA-AD5E-FDA8A97782E5}.Release|x86.ActiveCfg = Release|Win32
		{0C4E0314-8A93-4BFA-AD5E-FDA8A97782E5}.Release|x86.Build.0 = Release|Win32
		{9757CEA7-3D93-41F4-AE13-B86E84B46B24}.Debug|x64.ActiveCfg = Debug|x64
		{9757CEA7-3D93-41F4-AE13-B86E84B46B24}.Debug|x64.Build.0 = Debug|x64
		{9757CEA7-3D93-41F4-AE13-B86E84B46B24}.Debug|x86.ActiveCfg = Debug|Win32
		{9757CEA7-3D93-41F4-AE13-B86E84B46B24}.Debug|x86.Build.0 = Debug|Win32
		{9757CEA7-3D93-41F4-AE13-B86E84B46B24}.Release|x64.ActiveCfg = Release|x64
		{9757CEA7-3D93-41F4-AE13-B86E84B46B24}.Release|x64.Build.0 = Release|x64
		{9757CEA7-3D93-41F4-AE13-B86E84B46B24}.Release|x86.ActiveCfg = Release|Win32
		{9757CEA7-3D93-41F4-AE13-B86E84B46B24}.Release|x86.Build.0 = Release|Win32
		{54BAC81D-AD89-4FCB-92F9-977985BBB502}.Debug|x64.ActiveCfg = Debug|x64
		{54BAC81D-AD89-4FCB-92F9-977985BBB502}.Debug|x64.Build.0 = Debug|x64
		{54BAC81D-AD89-4FCB-92F9-977985BBB502}.Debug|x86.ActiveCfg = Debug|Win32
		{54BAC81D-AD89-4FCB-92F9-977985BBB502}.Debug|x86.Build.0 = Debug|Win32
		{54BAC81D-AD89-4FCB-92F9-977985BBB502}.Release|x64.ActiveCfg = Release|x64
		{54BAC81D-AD89-4FCB-92F9-977985BBB502}.Release|x64.Build.0 = Release|x64
		{54BAC81D-AD89-4FCB-92F9-977985BBB502}.Release|x86.ActiveCfg = Release|Win32
		{54BAC81D-AD89-4FCB-92F9-977985BBB502}.Release|x86.Build.0 = Release|Win32
		{462DD0AE-8C02-4E18-B9E8-9B2ADC970FCB}.Debug|x64.ActiveCfg = Debug|x64
		{462DD0AE-8C02-4E18-B9E8-9B2ADC970FCB}.Debug|x64.Build.0 = Debug|x64
		{462DD0AE-8C02-4E18-B9E8-9B2ADC970FCB}.Debug|x86.ActiveCfg = Debug|Win32
		{462DD0AE-8C02-4E18-B9E8-9B2ADC970FCB}.Debug|x86.Build.0 = Debug|Win32
		{462DD0AE-8C02-4E18-B9E8-9B2ADC970FCB}.Release|x64.ActiveCfg = Release|x64
		{462DD0AE-8C02-4E18-B9E8-9B2ADC970FCB}.Release|x64.Build.0 = Release|x64
		{462DD0AE-8C02-4E18-B9E8-9B2ADC970FCB}.Release|x86.ActiveCfg = Release|Win32
		{462DD0AE-8C02-4E18-B9E8-9B2ADC970FCB}.Release|x86.Build.0 = Release|Win32
		{B919C649-A836-413B-BFE9-590F1FB36B01}.Debug|x64.ActiveCfg = Debug|x64
		{B919C649-A836-413B-BFE9-590F1FB36B01}.Debug|x64.Build.0 = Debug|x64
		{B919C649-A836-413B-BFE9-590F1FB36B01}.Debug|x86.ActiveCfg = Debug|Win32
		{B919C649-A836-413B-BFE9-590F1FB36B01}.Debug|x86.Build.0 = Debug|Win32
		{B919C649-A836-413B-BFE9-590F1FB36B01}.Release|x64.ActiveCfg = Release|x64
		{B919C649-A836-413B-BFE9-590F1FB36B01}.Release|x64.Build.0 = Release|x64
		{B919C649-A836-413B-BFE9-590F1FB36B01}.Release|x86.ActiveCfg = Release|Win32
		{B919C649-A836-413B-BFE9-590F1FB36B01}.Release|x86.Build.0 = Release|Win32
		{9031397F-8400-4AAC-AEB5-920AE7E3691E}.Debug|x64.ActiveCfg = Debug|x64
		{9031397F-8400-4AAC-AEB5-920AE7E3691E}.Debug|x64.Build.0 = Debug|x64
		{9031397F-8400-4AAC-AEB5-920AE7E3691E}.Debug|x86.ActiveCfg = Debug|Win32
		{9031397F-8400-4AAC-AEB5-920AE7E3691E}.Debug|x86.Build.0 = Debug|Win32
		{9031397F-8400-4AAC-AEB5-920AE7E3691E}.Release|x64.ActiveCfg = Release|x64
		{9031397F-8400-4AAC-AEB5-920AE7E3691E}.Release|x64.Build.0 = Release|x64
		{9031397F-8400-4AAC-AEB5-920AE7E3691E}.Release|x86.ActiveCfg = Release|Win32
		{9031397F-8400-4AAC-AEB5-920AE7E3691E}.Release|x86.Build.0 = Release|Win32
		{54CC05DF-E8E2-476B-8824-F17863C95C95}.Debug|x64.ActiveCfg = Debug|x64
		{54CC05DF-E8E2-476B-8824-F17863C95C95}.Debug|x64.Build.0 = Debug|x64
		{54CC05DF-E8E2-476B-8824-F17863C95C95}.Debug|x86.ActiveCfg = Debug|Win32
		{54CC05DF-E8E2-476B-8824-F17863C95C95}.Debug|x86.Build.0 = Debug|Win32
		{54CC05DF-E8E2-476B-8824-F17863C95C95}.Release|x64.ActiveCfg = Release|x64
		{54CC05DF-E8E2-476B-8824-F17863C95C95}.Release|x64.Build.0 = Release|x64
		{54CC05DF-E8E2-476B-8824-F17863C95C95}.Release|x86.ActiveCfg = Release|Win32
		{54CC05DF-E8E2-476B-8824-F17863C95C95}.Release|x86.Build.0 = Release|Win32
		{F2C1305D-86DD-412D-83B5-310D099168D5}.Debug|x64.ActiveCfg = Debug|x64
		{F2C1305D-86DD-412D-83B5-310D099168D5}.Debug|x64.Build.0 = Debug|x64
		{F2C1305D-86DD-412D-83B5-310D099168D5}.Debug|x86.ActiveCfg = Debug|Win32
		{F2C1305D-86DD-412D-83B5-310D099168D5}.Debug|x86.Build.0 = Debug|Win32
		{F2C1305D-86DD-412D-83B5-310D099168D5}.Release|x64.ActiveCfg = Release|x64
		{F2C1305D-86DD-412D-83B5-310D099168D5}.Release|x64.Build.0 = Release|x64
		{F2C1305D-86DD-412D-83B5-310D099168D5}.Release|x86.ActiveCfg = Release|Win32
		{F2C1305D-86DD-412D-83B5-310D099168D5}.Release|x86.Build.0 = Release|Win32
		{5D85F33F-B213-4001-830C-7FA082017EFB}.Debug|x64.ActiveCfg = Debug|x64
		{5D85F33F-B213-4001-830C-7FA082017EFB}.Debug|x64.Build.0 = Debug|x64
		{5D85F33F-B213-4001-830C-7FA082017EFB}.Debug|x86.ActiveCfg = Debug|Win32
		{5D85F33F-B213-4001-830C-7FA082017EFB}.Debug|x86.Build.0 = Debug|Win32
		{5D85F33F-B213-4001-830C-7FA082017EFB}.Release|x64.ActiveCfg = Release|x64
		{5D85F33F-B213-4001-830C-7FA082017EFB}.Release|x64.Build.0 = Release|x64
		{5D85F33F-B213-4001-830C-7FA082017EFB}.Release|x86.ActiveCfg = Release|Win32
		{5D85F33F-B213-4001-830C-7FA082017EFB}.Release|x86.Build.0 = Release|Win32
		{D957825F-2350-4B97-B8A8-6BB45F726D07}.Debug|x64.ActiveCfg = Debug|x64
		{D957825F-2350-4B97-B8A8-6BB45F726D07}.Debug|x64.Build.0 = Debug|x64
		{D957825F-2350-4B97-B8A8-6BB45F726D07}.Debug|x86.ActiveCfg = Debug|Win32
		{D957825F-2350-4B97-B8A8-6BB45F726D07}.Debug|x86.Build.0 = Debug|Win32
		{D957825F-2350-4B97-B8A8-6BB45F726D07}.Release|x64.ActiveCfg = Release|x64
		{D957825F-2350-4B97-B8A8-6BB45F726D07}.Release|x64.Build.0 = Release|x64
		{D957825F-2350-4B97-B8A8-6BB45F726D07}.Release|x86.ActiveCfg = Release|Win32
		{D957825F-2350-4B97-B8A8-6BB45F726D07}.Release|x86.Build.0 = Release|Win32
		{7634EEF0-BF5E-4033-8394-6BECD41B625D}.Debug|x64.ActiveCfg = Debug|x64
		{7634EEF0-BF5E-4033-8394-6BECD41B625D}.Debug|x64.Build.0 = Debug|x64
		{7634EEF0-BF5E-4033-8394-6BECD41B625D}.Debug|x86.ActiveCfg = Debug|Win32
		{7634EEF0-BF5E-4033-8394-6BECD41B625D}.Debug|x86.Build.0 = Debug|Win32
		{7634EEF0-BF5E-4033-8394-6BECD41B625D}.Release|x64.ActiveCfg = Release|x64
		{7634EEF0-BF5E-4033-8394-6BECD41B625D}.Release|x64.Build.0 = Release|x64
		{7634EEF0-BF5E-4033-8394-6BECD41B625D}.Release|x86.ActiveCfg = Release|Win32
		{7634EEF0-BF5E-4033-8394-6BECD41B625D}.Release|x86.Build.0 = Release|Win32
	EndGlobalSection
	GlobalSection(SolutionProperties) = preSolution
		HideSolutionNode = FALSE
	EndGlobalSection
EndGlobal
