<?xml version="1.0" encoding="utf-8"?>
<Project ToolsVersion="4.0" xmlns="http://schemas.microsoft.com/developer/msbuild/2003">
  <ItemGroup>
    <ClCompile Include="MatrixData.cpp" />
    <ClCompile Include="..\..\sdk\UserUtils.cpp">
      <Filter>sdk</Filter>
    </ClCompile>
    <ClCompile Include="..\..\sdk\UserModule.cpp">
      <Filter>sdk</Filter>
    </ClCompile>
  </ItemGroup>
  <ItemGroup>
    <ClInclude Include="MatrixData.h" />
    <ClInclude Include="..\..\sdk\UserDefinitions.h">
      <Filter>sdk</Filter>
    </ClInclude>
    <ClInclude Include="..\..\sdk\UserModule.h">
      <Filter>sdk</Filter>
    </ClInclude>
    <ClInclude Include="..\..\sdk\UserUtils.h">
      <Filter>sdk</Filter>
    </ClInclude>
    <ClInclude Include="..\..\sdk\UsineDefinitions.h">
      <Filter>sdk</Filter>
    </ClInclude>
  </ItemGroup>
  <ItemGroup>
    <Filter Include="sdk">
      <UniqueIdentifier>{f314b034-6d9e-4889-8ddb-e549441e26d3}</UniqueIdentifier>
    </Filter>
  </ItemGroup>
</Project>